
Microsoft Visual Studio Solution File, Format Version 12.00
# Visual Studio 15
VisualStudioVersion = 15.0.28307.1525
MinimumVisualStudioVersion = 10.0.40219.1
Project("{FAE04EC0-301F-11D3-BF4B-00C04F79EFBC}") = "App-WebCam", "App-WebCam\App-WebCam.csproj", "{DB54E543-BEFC-490F-9CBA-9F144CB38248}"
EndProject
Global
	GlobalSection(SolutionConfigurationPlatforms) = preSolution
		Debug|Any CPU = Debug|Any CPU
		Debug|x64 = Debug|x64
		Debug|x86 = Debug|x86
		Release|Any CPU = Release|Any CPU
		Release|x64 = Release|x64
		Release|x86 = Release|x86
	EndGlobalSection
	GlobalSection(ProjectConfigurationPlatforms) = postSolution
		{DB54E543-BEFC-490F-9CBA-9F144CB38248}.Debug|Any CPU.ActiveCfg = Debug|Any CPU
		{DB54E543-BEFC-490F-9CBA-9F144CB38248}.Debug|Any CPU.Build.0 = Debug|Any CPU
		{DB54E543-BEFC-490F-9CBA-9F144CB38248}.Debug|x64.ActiveCfg = Debug|x64
		{DB54E543-BEFC-490F-9CBA-9F144CB38248}.Debug|x64.Build.0 = Debug|x64
		{DB54E543-BEFC-490F-9CBA-9F144CB38248}.Debug|x86.ActiveCfg = Debug|x86
		{DB54E543-BEFC-490F-9CBA-9F144CB38248}.Debug|x86.Build.0 = Debug|x86
		{DB54E543-BEFC-490F-9CBA-9F144CB38248}.Release|Any CPU.ActiveCfg = Release|Any CPU
		{DB54E543-BEFC-490F-9CBA-9F144CB38248}.Release|Any CPU.Build.0 = Release|Any CPU
		{DB54E543-BEFC-490F-9CBA-9F144CB38248}.Release|x64.ActiveCfg = Release|x64
		{DB54E543-BEFC-490F-9CBA-9F144CB38248}.Release|x64.Build.0 = Release|x64
		{DB54E543-BEFC-490F-9CBA-9F144CB38248}.Release|x86.ActiveCfg = Release|x86
		{DB54E543-BEFC-490F-9CBA-9F144CB38248}.Release|x86.Build.0 = Release|x86
	EndGlobalSection
	GlobalSection(SolutionProperties) = preSolution
		HideSolutionNode = FALSE
	EndGlobalSection
	GlobalSection(ExtensibilityGlobals) = postSolution
		SolutionGuid = {56635067-9A97-4DD1-9C89-1172732134DF}
	EndGlobalSection
EndGlobal
